// !$*UTF8*$!
{
	archiveVersion = 1;
	classes = {
	};
	objectVersion = 77;
	objects = {

/* Begin PBXBuildFile section */
		1806E70D2D677A22006B3CA6 /* SnapKit in Frameworks */ = {isa = PBXBuildFile; productRef = 1806E70C2D677A22006B3CA6 /* SnapKit */; };
/* End PBXBuildFile section */

/* Begin PBXContainerItemProxy section */
		1806E6D62D677025006B3CA6 /* PBXContainerItemProxy */ = {
			isa = PBXContainerItemProxy;
			containerPortal = 1806E6B72D677024006B3CA6 /* Project object */;
			proxyType = 1;
			remoteGlobalIDString = 1806E6BE2D677024006B3CA6;
			remoteInfo = CoinRanking;
		};
		1806E6E02D677025006B3CA6 /* PBXContainerItemProxy */ = {
			isa = PBXContainerItemProxy;
			containerPortal = 1806E6B72D677024006B3CA6 /* Project object */;
			proxyType = 1;
			remoteGlobalIDString = 1806E6BE2D677024006B3CA6;
			remoteInfo = CoinRanking;
		};
/* End PBXContainerItemProxy section */

/* Begin PBXFileReference section */
		1806E6BF2D677024006B3CA6 /* CoinRanking.app */ = {isa = PBXFileReference; explicitFileType = wrapper.application; includeInIndex = 0; path = CoinRanking.app; sourceTree = BUILT_PRODUCTS_DIR; };
		1806E6D52D677025006B3CA6 /* CoinRankingTests.xctest */ = {isa = PBXFileReference; explicitFileType = wrapper.cfbundle; includeInIndex = 0; path = CoinRankingTests.xctest; sourceTree = BUILT_PRODUCTS_DIR; };
		1806E6DF2D677025006B3CA6 /* CoinRankingUITests.xctest */ = {isa = PBXFileReference; explicitFileType = wrapper.cfbundle; includeInIndex = 0; path = CoinRankingUITests.xctest; sourceTree = BUILT_PRODUCTS_DIR; };
/* End PBXFileReference section */

/* Begin PBXFileSystemSynchronizedBuildFileExceptionSet section */
		1806E6E72D677025006B3CA6 /* Exceptions for "CoinRanking" folder in "CoinRanking" target */ = {
			isa = PBXFileSystemSynchronizedBuildFileExceptionSet;
			membershipExceptions = (
				Info.plist,
			);
			target = 1806E6BE2D677024006B3CA6 /* CoinRanking */;
		};
/* End PBXFileSystemSynchronizedBuildFileExceptionSet section */

/* Begin PBXFileSystemSynchronizedRootGroup section */
		1806E6C12D677024006B3CA6 /* CoinRanking */ = {
			isa = PBXFileSystemSynchronizedRootGroup;
			exceptions = (
				1806E6E72D677025006B3CA6 /* Exceptions for "CoinRanking" folder in "CoinRanking" target */,
			);
			path = CoinRanking;
			sourceTree = "<group>";
		};
		1806E6D82D677025006B3CA6 /* CoinRankingTests */ = {
			isa = PBXFileSystemSynchronizedRootGroup;
			path = CoinRankingTests;
			sourceTree = "<group>";
		};
		1806E6E22D677025006B3CA6 /* CoinRankingUITests */ = {
			isa = PBXFileSystemSynchronizedRootGroup;
			path = CoinRankingUITests;
			sourceTree = "<group>";
		};
/* End PBXFileSystemSynchronizedRootGroup section */

/* Begin PBXFrameworksBuildPhase section */
		1806E6BC2D677024006B3CA6 /* Frameworks */ = {
			isa = PBXFrameworksBuildPhase;
			buildActionMask = 2147483647;
			files = (
				1806E70D2D677A22006B3CA6 /* SnapKit in Frameworks */,
			);
			runOnlyForDeploymentPostprocessing = 0;
		};
		1806E6D22D677025006B3CA6 /* Frameworks */ = {
			isa = PBXFrameworksBuildPhase;
			buildActionMask = 2147483647;
			files = (
			);
			runOnlyForDeploymentPostprocessing = 0;
		};
		1806E6DC2D677025006B3CA6 /* Frameworks */ = {
			isa = PBXFrameworksBuildPhase;
			buildActionMask = 2147483647;
			files = (
			);
			runOnlyForDeploymentPostprocessing = 0;
		};
/* End PBXFrameworksBuildPhase section */

/* Begin PBXGroup section */
		1806E6B62D677024006B3CA6 = {
			isa = PBXGroup;
			children = (
				1806E6C12D677024006B3CA6 /* CoinRanking */,
				1806E6D82D677025006B3CA6 /* CoinRankingTests */,
				1806E6E22D677025006B3CA6 /* CoinRankingUITests */,
				1806E6C02D677024006B3CA6 /* Products */,
			);
			sourceTree = "<group>";
		};
		1806E6C02D677024006B3CA6 /* Products */ = {
			isa = PBXGroup;
			children = (
				1806E6BF2D677024006B3CA6 /* CoinRanking.app */,
				1806E6D52D677025006B3CA6 /* CoinRankingTests.xctest */,
				1806E6DF2D677025006B3CA6 /* CoinRankingUITests.xctest */,
			);
			name = Products;
			sourceTree = "<group>";
		};
/* End PBXGroup section */

/* Begin PBXNativeTarget section */
		1806E6BE2D677024006B3CA6 /* CoinRanking */ = {
			isa = PBXNativeTarget;
			buildConfigurationList = 1806E6E82D677025006B3CA6 /* Build configuration list for PBXNativeTarget "CoinRanking" */;
			buildPhases = (
				1806E6BB2D677024006B3CA6 /* Sources */,
				1806E6BC2D677024006B3CA6 /* Frameworks */,
				1806E6BD2D677024006B3CA6 /* Resources */,
			);
			buildRules = (
			);
			dependencies = (
			);
			fileSystemSynchronizedGroups = (
				1806E6C12D677024006B3CA6 /* CoinRanking */,
			);
			name = CoinRanking;
			packageProductDependencies = (
				1806E70C2D677A22006B3CA6 /* SnapKit */,
			);
			productName = CoinRanking;
			productReference = 1806E6BF2D677024006B3CA6 /* CoinRanking.app */;
			productType = "com.apple.product-type.application";
		};
		1806E6D42D677025006B3CA6 /* CoinRankingTests */ = {
			isa = PBXNativeTarget;
			buildConfigurationList = 1806E6ED2D677025006B3CA6 /* Build configuration list for PBXNativeTarget "CoinRankingTests" */;
			buildPhases = (
				1806E6D12D677025006B3CA6 /* Sources */,
				1806E6D22D677025006B3CA6 /* Frameworks */,
				1806E6D32D677025006B3CA6 /* Resources */,
			);
			buildRules = (
			);
			dependencies = (
				1806E6D72D677025006B3CA6 /* PBXTargetDependency */,
			);
			fileSystemSynchronizedGroups = (
				1806E6D82D677025006B3CA6 /* CoinRankingTests */,
			);
			name = CoinRankingTests;
			packageProductDependencies = (
			);
			productName = CoinRankingTests;
			productReference = 1806E6D52D677025006B3CA6 /* CoinRankingTests.xctest */;
			productType = "com.apple.product-type.bundle.unit-test";
		};
		1806E6DE2D677025006B3CA6 /* CoinRankingUITests */ = {
			isa = PBXNativeTarget;
			buildConfigurationList = 1806E6F02D677025006B3CA6 /* Build configuration list for PBXNativeTarget "CoinRankingUITests" */;
			buildPhases = (
				1806E6DB2D677025006B3CA6 /* Sources */,
				1806E6DC2D677025006B3CA6 /* Frameworks */,
				1806E6DD2D677025006B3CA6 /* Resources */,
			);
			buildRules = (
			);
			dependencies = (
				1806E6E12D677025006B3CA6 /* PBXTargetDependency */,
			);
			fileSystemSynchronizedGroups = (
				1806E6E22D677025006B3CA6 /* CoinRankingUITests */,
			);
			name = CoinRankingUITests;
			packageProductDependencies = (
			);
			productName = CoinRankingUITests;
			productReference = 1806E6DF2D677025006B3CA6 /* CoinRankingUITests.xctest */;
			productType = "com.apple.product-type.bundle.ui-testing";
		};
/* End PBXNativeTarget section */

/* Begin PBXProject section */
		1806E6B72D677024006B3CA6 /* Project object */ = {
			isa = PBXProject;
			attributes = {
				BuildIndependentTargetsInParallel = 1;
				LastSwiftUpdateCheck = 1610;
				LastUpgradeCheck = 1610;
				TargetAttributes = {
					1806E6BE2D677024006B3CA6 = {
						CreatedOnToolsVersion = 16.1;
					};
					1806E6D42D677025006B3CA6 = {
						CreatedOnToolsVersion = 16.1;
						TestTargetID = 1806E6BE2D677024006B3CA6;
					};
					1806E6DE2D677025006B3CA6 = {
						CreatedOnToolsVersion = 16.1;
						TestTargetID = 1806E6BE2D677024006B3CA6;
					};
				};
			};
			buildConfigurationList = 1806E6BA2D677024006B3CA6 /* Build configuration list for PBXProject "CoinRanking" */;
			developmentRegion = en;
			hasScannedForEncodings = 0;
			knownRegions = (
				en,
				Base,
			);
			mainGroup = 1806E6B62D677024006B3CA6;
			minimizedProjectReferenceProxies = 1;
			packageReferences = (
				1806E70B2D677A22006B3CA6 /* XCRemoteSwiftPackageReference "SnapKit" */,
			);
			preferredProjectObjectVersion = 77;
			productRefGroup = 1806E6C02D677024006B3CA6 /* Products */;
			projectDirPath = "";
			projectRoot = "";
			targets = (
				1806E6BE2D677024006B3CA6 /* CoinRanking */,
				1806E6D42D677025006B3CA6 /* CoinRankingTests */,
				1806E6DE2D677025006B3CA6 /* CoinRankingUITests */,
			);
		};
/* End PBXProject section */

/* Begin PBXResourcesBuildPhase section */
		1806E6BD2D677024006B3CA6 /* Resources */ = {
			isa = PBXResourcesBuildPhase;
			buildActionMask = 2147483647;
			files = (
			);
			runOnlyForDeploymentPostprocessing = 0;
		};
		1806E6D32D677025006B3CA6 /* Resources */ = {
			isa = PBXResourcesBuildPhase;
			buildActionMask = 2147483647;
			files = (
			);
			runOnlyForDeploymentPostprocessing = 0;
		};
		1806E6DD2D677025006B3CA6 /* Resources */ = {
			isa = PBXResourcesBuildPhase;
			buildActionMask = 2147483647;
			files = (
			);
			runOnlyForDeploymentPostprocessing = 0;
		};
/* End PBXResourcesBuildPhase section */

/* Begin PBXSourcesBuildPhase section */
		1806E6BB2D677024006B3CA6 /* Sources */ = {
			isa = PBXSourcesBuildPhase;
			buildActionMask = 2147483647;
			files = (
			);
			runOnlyForDeploymentPostprocessing = 0;
		};
		1806E6D12D677025006B3CA6 /* Sources */ = {
			isa = PBXSourcesBuildPhase;
			buildActionMask = 2147483647;
			files = (
			);
			runOnlyForDeploymentPostprocessing = 0;
		};
		1806E6DB2D677025006B3CA6 /* Sources */ = {
			isa = PBXSourcesBuildPhase;
			buildActionMask = 2147483647;
			files = (
			);
			runOnlyForDeploymentPostprocessing = 0;
		};
/* End PBXSourcesBuildPhase section */

/* Begin PBXTargetDependency section */
		1806E6D72D677025006B3CA6 /* PBXTargetDependency */ = {
			isa = PBXTargetDependency;
			target = 1806E6BE2D677024006B3CA6 /* CoinRanking */;
			targetProxy = 1806E6D62D677025006B3CA6 /* PBXContainerItemProxy */;
		};
		1806E6E12D677025006B3CA6 /* PBXTargetDependency */ = {
			isa = PBXTargetDependency;
			target = 1806E6BE2D677024006B3CA6 /* CoinRanking */;
			targetProxy = 1806E6E02D677025006B3CA6 /* PBXContainerItemProxy */;
		};
/* End PBXTargetDependency section */

/* Begin XCBuildConfiguration section */
		1806E6E92D677025006B3CA6 /* Debug */ = {
			isa = XCBuildConfiguration;
			buildSettings = {
				ASSETCATALOG_COMPILER_APPICON_NAME = AppIcon;
				ASSETCATALOG_COMPILER_GLOBAL_ACCENT_COLOR_NAME = AccentColor;
				CODE_SIGN_STYLE = Automatic;
				CURRENT_PROJECT_VERSION = 1;
				GENERATE_INFOPLIST_FILE = YES;
				INFOPLIST_FILE = CoinRanking/Info.plist;
				INFOPLIST_KEY_UIApplicationSupportsIndirectInputEvents = YES;
				INFOPLIST_KEY_UILaunchStoryboardName = LaunchScreen;
				INFOPLIST_KEY_UISupportedInterfaceOrientations_iPad = "UIInterfaceOrientationPortrait UIInterfaceOrientationPortraitUpsideDown UIInterfaceOrientationLandscapeLeft UIInterfaceOrientationLandscapeRight";
				INFOPLIST_KEY_UISupportedInterfaceOrientations_iPhone = "UIInterfaceOrientationPortrait UIInterfaceOrientationLandscapeLeft UIInterfaceOrientationLandscapeRight";
				IPHONEOS_DEPLOYMENT_TARGET = 16.6;
				LD_RUNPATH_SEARCH_PATHS = (
					"$(inherited)",
					"@executable_path/Frameworks",
				);
				MARKETING_VERSION = 1.0;
				PRODUCT_BUNDLE_IDENTIFIER = com.ashishkarna.coinranking.CoinRanking;
				PRODUCT_NAME = "$(TARGET_NAME)";
				SWIFT_EMIT_LOC_STRINGS = YES;
				SWIFT_VERSION = 5.0;
				TARGETED_DEVICE_FAMILY = "1,2";
			};
			name = Debug;
		};
		1806E6EA2D677025006B3CA6 /* Release */ = {
			isa = XCBuildConfiguration;
			buildSettings = {
				ASSETCATALOG_COMPILER_APPICON_NAME = AppIcon;
				ASSETCATALOG_COMPILER_GLOBAL_ACCENT_COLOR_NAME = AccentColor;
				CODE_SIGN_STYLE = Automatic;
				CURRENT_PROJECT_VERSION = 1;
				GENERATE_INFOPLIST_FILE = YES;
				INFOPLIST_FILE = CoinRanking/Info.plist;
				INFOPLIST_KEY_UIApplicationSupportsIndirectInputEvents = YES;
				INFOPLIST_KEY_UILaunchStoryboardName = LaunchScreen;
				INFOPLIST_KEY_UISupportedInterfaceOrientations_iPad = "UIInterfaceOrientationPortrait UIInterfaceOrientationPortraitUpsideDown UIInterfaceOrientationLandscapeLeft UIInterfaceOrientationLandscapeRight";
				INFOPLIST_KEY_UISupportedInterfaceOrientations_iPhone = "UIInterfaceOrientationPortrait UIInterfaceOrientationLandscapeLeft UIInterfaceOrientationLandscapeRight";
				IPHONEOS_DEPLOYMENT_TARGET = 16.6;
				LD_RUNPATH_SEARCH_PATHS = (
					"$(inherited)",
					"@executable_path/Frameworks",
				);
				MARKETING_VERSION = 1.0;
				PRODUCT_BUNDLE_IDENTIFIER = com.ashishkarna.coinranking.CoinRanking;
				PRODUCT_NAME = "$(TARGET_NAME)";
				SWIFT_EMIT_LOC_STRINGS = YES;
				SWIFT_VERSION = 5.0;
				TARGETED_DEVICE_FAMILY = "1,2";
			};
			name = Release;
		};
		1806E6EB2D677025006B3CA6 /* Debug */ = {
			isa = XCBuildConfiguration;
			buildSettings = {
				ALWAYS_SEARCH_USER_PATHS = NO;
				ASSETCATALOG_COMPILER_GENERATE_SWIFT_ASSET_SYMBOL_EXTENSIONS = YES;
				CLANG_ANALYZER_NONNULL = YES;
				CLANG_ANALYZER_NUMBER_OBJECT_CONVERSION = YES_AGGRESSIVE;
				CLANG_CXX_LANGUAGE_STANDARD = "gnu++20";
				CLANG_ENABLE_MODULES = YES;
				CLANG_ENABLE_OBJC_ARC = YES;
				CLANG_ENABLE_OBJC_WEAK = YES;
				CLANG_WARN_BLOCK_CAPTURE_AUTORELEASING = YES;
				CLANG_WARN_BOOL_CONVERSION = YES;
				CLANG_WARN_COMMA = YES;
				CLANG_WARN_CONSTANT_CONVERSION = YES;
				CLANG_WARN_DEPRECATED_OBJC_IMPLEMENTATIONS = YES;
				CLANG_WARN_DIRECT_OBJC_ISA_USAGE = YES_ERROR;
				CLANG_WARN_DOCUMENTATION_COMMENTS = YES;
				CLANG_WARN_EMPTY_BODY = YES;
				CLANG_WARN_ENUM_CONVERSION = YES;
				CLANG_WARN_INFINITE_RECURSION = YES;
				CLANG_WARN_INT_CONVERSION = YES;
				CLANG_WARN_NON_LITERAL_NULL_CONVERSION = YES;
				CLANG_WARN_OBJC_IMPLICIT_RETAIN_SELF = YES;
				CLANG_WARN_OBJC_LITERAL_CONVERSION = YES;
				CLANG_WARN_OBJC_ROOT_CLASS = YES_ERROR;
				CLANG_WARN_QUOTED_INCLUDE_IN_FRAMEWORK_HEADER = YES;
				CLANG_WARN_RANGE_LOOP_ANALYSIS = YES;
				CLANG_WARN_STRICT_PROTOTYPES = YES;
				CLANG_WARN_SUSPICIOUS_MOVE = YES;
				CLANG_WARN_UNGUARDED_AVAILABILITY = YES_AGGRESSIVE;
				CLANG_WARN_UNREACHABLE_CODE = YES;
				CLANG_WARN__DUPLICATE_METHOD_MATCH = YES;
				COPY_PHASE_STRIP = NO;
				DEBUG_INFORMATION_FORMAT = dwarf;
				ENABLE_STRICT_OBJC_MSGSEND = YES;
				ENABLE_TESTABILITY = YES;
				ENABLE_USER_SCRIPT_SANDBOXING = YES;
				GCC_C_LANGUAGE_STANDARD = gnu17;
				GCC_DYNAMIC_NO_PIC = NO;
				GCC_NO_COMMON_BLOCKS = YES;
				GCC_OPTIMIZATION_LEVEL = 0;
				GCC_PREPROCESSOR_DEFINITIONS = (
					"DEBUG=1",
					"$(inherited)",
				);
				GCC_WARN_64_TO_32_BIT_CONVERSION = YES;
				GCC_WARN_ABOUT_RETURN_TYPE = YES_ERROR;
				GCC_WARN_UNDECLARED_SELECTOR = YES;
				GCC_WARN_UNINITIALIZED_AUTOS = YES_AGGRESSIVE;
				GCC_WARN_UNUSED_FUNCTION = YES;
				GCC_WARN_UNUSED_VARIABLE = YES;
				IPHONEOS_DEPLOYMENT_TARGET = 18.1;
				LOCALIZATION_PREFERS_STRING_CATALOGS = YES;
				MTL_ENABLE_DEBUG_INFO = INCLUDE_SOURCE;
				MTL_FAST_MATH = YES;
				ONLY_ACTIVE_ARCH = YES;
				SDKROOT = iphoneos;
				SWIFT_ACTIVE_COMPILATION_CONDITIONS = "DEBUG $(inherited)";
				SWIFT_EMIT_LOC_STRINGS = YES;
				SWIFT_OPTIMIZATION_LEVEL = "-Onone";
			};
			name = Debug;
		};
		1806E6EC2D677025006B3CA6 /* Release */ = {
			isa = XCBuildConfiguration;
			buildSettings = {
				ALWAYS_SEARCH_USER_PATHS = NO;
				ASSETCATALOG_COMPILER_GENERATE_SWIFT_ASSET_SYMBOL_EXTENSIONS = YES;
				CLANG_ANALYZER_NONNULL = YES;
				CLANG_ANALYZER_NUMBER_OBJECT_CONVERSION = YES_AGGRESSIVE;
				CLANG_CXX_LANGUAGE_STANDARD = "gnu++20";
				CLANG_ENABLE_MODULES = YES;
				CLANG_ENABLE_OBJC_ARC = YES;
				CLANG_ENABLE_OBJC_WEAK = YES;
				CLANG_WARN_BLOCK_CAPTURE_AUTORELEASING = YES;
				CLANG_WARN_BOOL_CONVERSION = YES;
				CLANG_WARN_COMMA = YES;
				CLANG_WARN_CONSTANT_CONVERSION = YES;
				CLANG_WARN_DEPRECATED_OBJC_IMPLEMENTATIONS = YES;
				CLANG_WARN_DIRECT_OBJC_ISA_USAGE = YES_ERROR;
				CLANG_WARN_DOCUMENTATION_COMMENTS = YES;
				CLANG_WARN_EMPTY_BODY = YES;
				CLANG_WARN_ENUM_CONVERSION = YES;
				CLANG_WARN_INFINITE_RECURSION = YES;
				CLANG_WARN_INT_CONVERSION = YES;
				CLANG_WARN_NON_LITERAL_NULL_CONVERSION = YES;
				CLANG_WARN_OBJC_IMPLICIT_RETAIN_SELF = YES;
				CLANG_WARN_OBJC_LITERAL_CONVERSION = YES;
				CLANG_WARN_OBJC_ROOT_CLASS = YES_ERROR;
				CLANG_WARN_QUOTED_INCLUDE_IN_FRAMEWORK_HEADER = YES;
				CLANG_WARN_RANGE_LOOP_ANALYSIS = YES;
				CLANG_WARN_STRICT_PROTOTYPES = YES;
				CLANG_WARN_SUSPICIOUS_MOVE = YES;
				CLANG_WARN_UNGUARDED_AVAILABILITY = YES_AGGRESSIVE;
				CLANG_WARN_UNREACHABLE_CODE = YES;
				CLANG_WARN__DUPLICATE_METHOD_MATCH = YES;
				COPY_PHASE_STRIP = NO;
				DEBUG_INFORMATION_FORMAT = "dwarf-with-dsym";
				ENABLE_NS_ASSERTIONS = NO;
				ENABLE_STRICT_OBJC_MSGSEND = YES;
				ENABLE_USER_SCRIPT_SANDBOXING = YES;
				GCC_C_LANGUAGE_STANDARD = gnu17;
				GCC_NO_COMMON_BLOCKS = YES;
				GCC_WARN_64_TO_32_BIT_CONVERSION = YES;
				GCC_WARN_ABOUT_RETURN_TYPE = YES_ERROR;
				GCC_WARN_UNDECLARED_SELECTOR = YES;
				GCC_WARN_UNINITIALIZED_AUTOS = YES_AGGRESSIVE;
				GCC_WARN_UNUSED_FUNCTION = YES;
				GCC_WARN_UNUSED_VARIABLE = YES;
				IPHONEOS_DEPLOYMENT_TARGET = 18.1;
				LOCALIZATION_PREFERS_STRING_CATALOGS = YES;
				MTL_ENABLE_DEBUG_INFO = NO;
				MTL_FAST_MATH = YES;
				SDKROOT = iphoneos;
				SWIFT_COMPILATION_MODE = wholemodule;
				SWIFT_EMIT_LOC_STRINGS = YES;
				VALIDATE_PRODUCT = YES;
			};
			name = Release;
		};
		1806E6EE2D677025006B3CA6 /* Debug */ = {
			isa = XCBuildConfiguration;
			buildSettings = {
				BUNDLE_LOADER = "$(TEST_HOST)";
				CODE_SIGN_STYLE = Automatic;
				CURRENT_PROJECT_VERSION = 1;
				GENERATE_INFOPLIST_FILE = YES;
				IPHONEOS_DEPLOYMENT_TARGET = 18.1;
				MARKETING_VERSION = 1.0;
				PRODUCT_BUNDLE_IDENTIFIER = com.ashishkarna.coinranking.CoinRankingTests;
				PRODUCT_NAME = "$(TARGET_NAME)";
				SWIFT_EMIT_LOC_STRINGS = NO;
				SWIFT_VERSION = 5.0;
				TARGETED_DEVICE_FAMILY = "1,2";
				TEST_HOST = "$(BUILT_PRODUCTS_DIR)/CoinRanking.app/$(BUNDLE_EXECUTABLE_FOLDER_PATH)/CoinRanking";
			};
			name = Debug;
		};
		1806E6EF2D677025006B3CA6 /* Release */ = {
			isa = XCBuildConfiguration;
			buildSettings = {
				BUNDLE_LOADER = "$(TEST_HOST)";
				CODE_SIGN_STYLE = Automatic;
				CURRENT_PROJECT_VERSION = 1;
				GENERATE_INFOPLIST_FILE = YES;
				IPHONEOS_DEPLOYMENT_TARGET = 18.1;
				MARKETING_VERSION = 1.0;
				PRODUCT_BUNDLE_IDENTIFIER = com.ashishkarna.coinranking.CoinRankingTests;
				PRODUCT_NAME = "$(TARGET_NAME)";
				SWIFT_EMIT_LOC_STRINGS = NO;
				SWIFT_VERSION = 5.0;
				TARGETED_DEVICE_FAMILY = "1,2";
				TEST_HOST = "$(BUILT_PRODUCTS_DIR)/CoinRanking.app/$(BUNDLE_EXECUTABLE_FOLDER_PATH)/CoinRanking";
			};
			name = Release;
		};
		1806E6F12D677025006B3CA6 /* Debug */ = {
			isa = XCBuildConfiguration;
			buildSettings = {
				CODE_SIGN_STYLE = Automatic;
				CURRENT_PROJECT_VERSION = 1;
				GENERATE_INFOPLIST_FILE = YES;
				MARKETING_VERSION = 1.0;
				PRODUCT_BUNDLE_IDENTIFIER = com.ashishkarna.coinranking.CoinRankingUITests;
				PRODUCT_NAME = "$(TARGET_NAME)";
				SWIFT_EMIT_LOC_STRINGS = NO;
				SWIFT_VERSION = 5.0;
				TARGETED_DEVICE_FAMILY = "1,2";
				TEST_TARGET_NAME = CoinRanking;
			};
			name = Debug;
		};
		1806E6F22D677025006B3CA6 /* Release */ = {
			isa = XCBuildConfiguration;
			buildSettings = {
				CODE_SIGN_STYLE = Automatic;
				CURRENT_PROJECT_VERSION = 1;
				GENERATE_INFOPLIST_FILE = YES;
				MARKETING_VERSION = 1.0;
				PRODUCT_BUNDLE_IDENTIFIER = com.ashishkarna.coinranking.CoinRankingUITests;
				PRODUCT_NAME = "$(TARGET_NAME)";
				SWIFT_EMIT_LOC_STRINGS = NO;
				SWIFT_VERSION = 5.0;
				TARGETED_DEVICE_FAMILY = "1,2";
				TEST_TARGET_NAME = CoinRanking;
			};
			name = Release;
		};
/* End XCBuildConfiguration section */

/* Begin XCConfigurationList section */
		1806E6BA2D677024006B3CA6 /* Build configuration list for PBXProject "CoinRanking" */ = {
			isa = XCConfigurationList;
			buildConfigurations = (
				1806E6EB2D677025006B3CA6 /* Debug */,
				1806E6EC2D677025006B3CA6 /* Release */,
			);
			defaultConfigurationIsVisible = 0;
			defaultConfigurationName = Release;
		};
		1806E6E82D677025006B3CA6 /* Build configuration list for PBXNativeTarget "CoinRanking" */ = {
			isa = XCConfigurationList;
			buildConfigurations = (
				1806E6E92D677025006B3CA6 /* Debug */,
				1806E6EA2D677025006B3CA6 /* Release */,
			);
			defaultConfigurationIsVisible = 0;
			defaultConfigurationName = Release;
		};
		1806E6ED2D677025006B3CA6 /* Build configuration list for PBXNativeTarget "CoinRankingTests" */ = {
			isa = XCConfigurationList;
			buildConfigurations = (
				1806E6EE2D677025006B3CA6 /* Debug */,
				1806E6EF2D677025006B3CA6 /* Release */,
			);
			defaultConfigurationIsVisible = 0;
			defaultConfigurationName = Release;
		};
		1806E6F02D677025006B3CA6 /* Build configuration list for PBXNativeTarget "CoinRankingUITests" */ = {
			isa = XCConfigurationList;
			buildConfigurations = (
				1806E6F12D677025006B3CA6 /* Debug */,
				1806E6F22D677025006B3CA6 /* Release */,
			);
			defaultConfigurationIsVisible = 0;
			defaultConfigurationName = Release;
		};
/* End XCConfigurationList section */

/* Begin XCRemoteSwiftPackageReference section */
		1806E70B2D677A22006B3CA6 /* XCRemoteSwiftPackageReference "SnapKit" */ = {
			isa = XCRemoteSwiftPackageReference;
			repositoryURL = "https://github.com/SnapKit/SnapKit.git";
			requirement = {
				kind = upToNextMajorVersion;
				minimumVersion = 5.7.1;
			};
		};
/* End XCRemoteSwiftPackageReference section */

/* Begin XCSwiftPackageProductDependency section */
		1806E70C2D677A22006B3CA6 /* SnapKit */ = {
			isa = XCSwiftPackageProductDependency;
			package = 1806E70B2D677A22006B3CA6 /* XCRemoteSwiftPackageReference "SnapKit" */;
			productName = SnapKit;
		};
/* End XCSwiftPackageProductDependency section */
	};
	rootObject = 1806E6B72D677024006B3CA6 /* Project object */;
}
